
Microsoft Visual Studio Solution File, Format Version 12.00
# Visual Studio 15
VisualStudioVersion = 15.0.26430.13
MinimumVisualStudioVersion = 10.0.40219.1
Project("{FAE04EC0-301F-11D3-BF4B-00C04F79EFBC}") = "WebApplication", "WebApplication\WebApplication.csproj", "{09431B64-E5E4-4F42-B7E6-ECB0A3549F72}"
EndProject
Project("{FAE04EC0-301F-11D3-BF4B-00C04F79EFBC}") = "WebApplication.Tests", "WebApplication.Tests\WebApplication.Tests.csproj", "{0FAFCEF1-0BB8-4B78-BA5A-AF7B36D8061E}"
EndProject
Global
	GlobalSection(SolutionConfigurationPlatforms) = preSolution
		Debug|Any CPU = Debug|Any CPU
		Release|Any CPU = Release|Any CPU
	EndGlobalSection
	GlobalSection(ProjectConfigurationPlatforms) = postSolution
		{09431B64-E5E4-4F42-B7E6-ECB0A3549F72}.Debug|Any CPU.ActiveCfg = Debug|Any CPU
		{09431B64-E5E4-4F42-B7E6-ECB0A3549F72}.Debug|Any CPU.Build.0 = Debug|Any CPU
		{09431B64-E5E4-4F42-B7E6-ECB0A3549F72}.Release|Any CPU.ActiveCfg = Release|Any CPU
		{09431B64-E5E4-4F42-B7E6-ECB0A3549F72}.Release|Any CPU.Build.0 = Release|Any CPU
		{0FAFCEF1-0BB8-4B78-BA5A-AF7B36D8061E}.Debug|Any CPU.ActiveCfg = Debug|Any CPU
		{0FAFCEF1-0BB8-4B78-BA5A-AF7B36D8061E}.Debug|Any CPU.Build.0 = Debug|Any CPU
		{0FAFCEF1-0BB8-4B78-BA5A-AF7B36D8061E}.Release|Any CPU.ActiveCfg = Release|Any CPU
		{0FAFCEF1-0BB8-4B78-BA5A-AF7B36D8061E}.Release|Any CPU.Build.0 = Release|Any CPU
	EndGlobalSection
	GlobalSection(SolutionProperties) = preSolution
		HideSolutionNode = FALSE
	EndGlobalSection
EndGlobal
